
Microsoft Visual Studio Solution File, Format Version 12.00
# Visual Studio 2013
VisualStudioVersion = 12.0.31101.0
MinimumVisualStudioVersion = 10.0.40219.1
Project("{FAE04EC0-301F-11D3-BF4B-00C04F79EFBC}") = "CrmPackage", "CrmPackage\CrmPackage.csproj", "{48765EA0-B4CF-4BAF-8254-A76769665400}"
	ProjectSection(ProjectDependencies) = postProject
		{D9AA2242-9699-418C-B427-7407E1A59434} = {D9AA2242-9699-418C-B427-7407E1A59434}
		{A405FD85-3DF0-4D6F-9497-E47643ED71E8} = {A405FD85-3DF0-4D6F-9497-E47643ED71E8}
	EndProjectSection
EndProject
Project("{FAE04EC0-301F-11D3-BF4B-00C04F79EFBC}") = "pp", "pp\pp.csproj", "{A405FD85-3DF0-4D6F-9497-E47643ED71E8}"
EndProject
Project("{FAE04EC0-301F-11D3-BF4B-00C04F79EFBC}") = "TestSolution1", "cc\TestSolution1.csproj", "{D9AA2242-9699-418C-B427-7407E1A59434}"
EndProject
Global
	GlobalSection(CRMSolutionProperties) = preSolution
		SolutionIsBoundToCRM = True
	EndGlobalSection
	GlobalSection(SolutionConfigurationPlatforms) = preSolution
		Debug|Any CPU = Debug|Any CPU
		Release|Any CPU = Release|Any CPU
	EndGlobalSection
	GlobalSection(ProjectConfigurationPlatforms) = postSolution
		{48765EA0-B4CF-4BAF-8254-A76769665400}.Debug|Any CPU.ActiveCfg = Debug|Any CPU
		{48765EA0-B4CF-4BAF-8254-A76769665400}.Debug|Any CPU.Build.0 = Debug|Any CPU
		{48765EA0-B4CF-4BAF-8254-A76769665400}.Debug|Any CPU.Deploy.0 = Debug|Any CPU
		{48765EA0-B4CF-4BAF-8254-A76769665400}.Release|Any CPU.ActiveCfg = Release|Any CPU
		{48765EA0-B4CF-4BAF-8254-A76769665400}.Release|Any CPU.Build.0 = Release|Any CPU
		{48765EA0-B4CF-4BAF-8254-A76769665400}.Release|Any CPU.Deploy.0 = Release|Any CPU
		{A405FD85-3DF0-4D6F-9497-E47643ED71E8}.Debug|Any CPU.ActiveCfg = Debug|Any CPU
		{A405FD85-3DF0-4D6F-9497-E47643ED71E8}.Debug|Any CPU.Build.0 = Debug|Any CPU
		{A405FD85-3DF0-4D6F-9497-E47643ED71E8}.Release|Any CPU.ActiveCfg = Release|Any CPU
		{A405FD85-3DF0-4D6F-9497-E47643ED71E8}.Release|Any CPU.Build.0 = Release|Any CPU
		{D9AA2242-9699-418C-B427-7407E1A59434}.Debug|Any CPU.ActiveCfg = Debug|Any CPU
		{D9AA2242-9699-418C-B427-7407E1A59434}.Debug|Any CPU.Build.0 = Debug|Any CPU
		{D9AA2242-9699-418C-B427-7407E1A59434}.Release|Any CPU.ActiveCfg = Release|Any CPU
		{D9AA2242-9699-418C-B427-7407E1A59434}.Release|Any CPU.Build.0 = Release|Any CPU
	EndGlobalSection
	GlobalSection(SolutionProperties) = preSolution
		HideSolutionNode = FALSE
	EndGlobalSection
EndGlobal
