
Microsoft Visual Studio Solution File, Format Version 12.00
# Visual Studio 2013
VisualStudioVersion = 12.0.21005.1
MinimumVisualStudioVersion = 10.0.40219.1
Project("{FAE04EC0-301F-11D3-BF4B-00C04F79EFBC}") = "CrmPackage", "CrmPackage\CrmPackage.csproj", "{6A2C7275-451A-4873-9C85-8540DD6380B2}"
	ProjectSection(ProjectDependencies) = postProject
		{BD41B02D-0BE8-45E3-B8F2-C11578004BC7} = {BD41B02D-0BE8-45E3-B8F2-C11578004BC7}
		{E7740887-22B2-48B4-BAF0-A13579E3FC86} = {E7740887-22B2-48B4-BAF0-A13579E3FC86}
	EndProjectSection
EndProject
Project("{FAE04EC0-301F-11D3-BF4B-00C04F79EFBC}") = "Plug1", "Plug1\Plug1.csproj", "{E7740887-22B2-48B4-BAF0-A13579E3FC86}"
EndProject
Project("{FAE04EC0-301F-11D3-BF4B-00C04F79EFBC}") = "SampleTestSol", "custo\SampleTestSol.csproj", "{BD41B02D-0BE8-45E3-B8F2-C11578004BC7}"
EndProject
Global
	GlobalSection(CRMSolutionProperties) = preSolution
		SolutionIsBoundToCRM = True
	EndGlobalSection
	GlobalSection(SolutionConfigurationPlatforms) = preSolution
		Debug|Any CPU = Debug|Any CPU
		Release|Any CPU = Release|Any CPU
	EndGlobalSection
	GlobalSection(ProjectConfigurationPlatforms) = postSolution
		{6A2C7275-451A-4873-9C85-8540DD6380B2}.Debug|Any CPU.ActiveCfg = Debug|Any CPU
		{6A2C7275-451A-4873-9C85-8540DD6380B2}.Debug|Any CPU.Build.0 = Debug|Any CPU
		{6A2C7275-451A-4873-9C85-8540DD6380B2}.Debug|Any CPU.Deploy.0 = Debug|Any CPU
		{6A2C7275-451A-4873-9C85-8540DD6380B2}.Release|Any CPU.ActiveCfg = Release|Any CPU
		{6A2C7275-451A-4873-9C85-8540DD6380B2}.Release|Any CPU.Build.0 = Release|Any CPU
		{6A2C7275-451A-4873-9C85-8540DD6380B2}.Release|Any CPU.Deploy.0 = Release|Any CPU
		{E7740887-22B2-48B4-BAF0-A13579E3FC86}.Debug|Any CPU.ActiveCfg = Debug|Any CPU
		{E7740887-22B2-48B4-BAF0-A13579E3FC86}.Debug|Any CPU.Build.0 = Debug|Any CPU
		{E7740887-22B2-48B4-BAF0-A13579E3FC86}.Release|Any CPU.ActiveCfg = Release|Any CPU
		{E7740887-22B2-48B4-BAF0-A13579E3FC86}.Release|Any CPU.Build.0 = Release|Any CPU
		{BD41B02D-0BE8-45E3-B8F2-C11578004BC7}.Debug|Any CPU.ActiveCfg = Debug|Any CPU
		{BD41B02D-0BE8-45E3-B8F2-C11578004BC7}.Debug|Any CPU.Build.0 = Debug|Any CPU
		{BD41B02D-0BE8-45E3-B8F2-C11578004BC7}.Release|Any CPU.ActiveCfg = Release|Any CPU
		{BD41B02D-0BE8-45E3-B8F2-C11578004BC7}.Release|Any CPU.Build.0 = Release|Any CPU
	EndGlobalSection
	GlobalSection(SolutionProperties) = preSolution
		HideSolutionNode = FALSE
	EndGlobalSection
EndGlobal
